
Microsoft Visual Studio Solution File, Format Version 12.00
# Visual Studio Version 17
VisualStudioVersion = 17.14.36327.8
MinimumVisualStudioVersion = 10.0.40219.1
Project("{FAE04EC0-301F-11D3-BF4B-00C04F79EFBC}") = "MaxNet", "MaxNet\MaxNet.csproj", "{29D80896-339D-4C9B-9A55-CC6F23EF5FFD}"
EndProject
Project("{FAE04EC0-301F-11D3-BF4B-00C04F79EFBC}") = "MaxNet.Tests", "MaxNet.Tests\MaxNet.Tests.csproj", "{34E2CD06-2C0E-44DC-B348-382FAE0F0684}"
EndProject
Project("{FAE04EC0-301F-11D3-BF4B-00C04F79EFBC}") = "MaxNet.Integration", "MaxNet.Integration\MaxNet.Integration.csproj", "{88F961C6-7826-4F61-A2AE-F4BC96DEE705}"
EndProject
Project("{2150E333-8FDC-42A3-9474-1A3956D46DE8}") = "Элементы решения", "Элементы решения", "{754FC069-D67B-A9D7-50A1-8D1CA196D8F1}"
	ProjectSection(SolutionItems) = preProject
		LICENSE = LICENSE
		README.md = README.md
	EndProjectSection
EndProject
Global
	GlobalSection(SolutionConfigurationPlatforms) = preSolution
		Debug|Any CPU = Debug|Any CPU
		Release|Any CPU = Release|Any CPU
	EndGlobalSection
	GlobalSection(ProjectConfigurationPlatforms) = postSolution
		{29D80896-339D-4C9B-9A55-CC6F23EF5FFD}.Debug|Any CPU.ActiveCfg = Debug|Any CPU
		{29D80896-339D-4C9B-9A55-CC6F23EF5FFD}.Debug|Any CPU.Build.0 = Debug|Any CPU
		{29D80896-339D-4C9B-9A55-CC6F23EF5FFD}.Release|Any CPU.ActiveCfg = Release|Any CPU
		{29D80896-339D-4C9B-9A55-CC6F23EF5FFD}.Release|Any CPU.Build.0 = Release|Any CPU
		{34E2CD06-2C0E-44DC-B348-382FAE0F0684}.Debug|Any CPU.ActiveCfg = Debug|Any CPU
		{34E2CD06-2C0E-44DC-B348-382FAE0F0684}.Debug|Any CPU.Build.0 = Debug|Any CPU
		{34E2CD06-2C0E-44DC-B348-382FAE0F0684}.Release|Any CPU.ActiveCfg = Release|Any CPU
		{34E2CD06-2C0E-44DC-B348-382FAE0F0684}.Release|Any CPU.Build.0 = Release|Any CPU
		{88F961C6-7826-4F61-A2AE-F4BC96DEE705}.Debug|Any CPU.ActiveCfg = Debug|Any CPU
		{88F961C6-7826-4F61-A2AE-F4BC96DEE705}.Debug|Any CPU.Build.0 = Debug|Any CPU
		{88F961C6-7826-4F61-A2AE-F4BC96DEE705}.Release|Any CPU.ActiveCfg = Release|Any CPU
		{88F961C6-7826-4F61-A2AE-F4BC96DEE705}.Release|Any CPU.Build.0 = Release|Any CPU
	EndGlobalSection
	GlobalSection(SolutionProperties) = preSolution
		HideSolutionNode = FALSE
	EndGlobalSection
	GlobalSection(ExtensibilityGlobals) = postSolution
		SolutionGuid = {77FBD58F-D505-4D6A-9863-FF99F2A196E3}
	EndGlobalSection
EndGlobal
